
Microsoft Visual Studio Solution File, Format Version 12.00
# Visual Studio Version 17
VisualStudioVersion = 17.5.33516.290
MinimumVisualStudioVersion = 10.0.40219.1
Project("{8BC9CEB8-8B4A-11D0-8D11-00A0C91BC942}") = "189", "entrega5\entrega5.vcxproj", "{31BF7133-64B5-4740-9035-F17DF8672DB6}"
EndProject
Project("{8BC9CEB8-8B4A-11D0-8D11-00A0C91BC942}") = "250", "250\250.vcxproj", "{EF068500-C07F-4571-A2E9-0CA8552C172D}"
EndProject
Project("{8BC9CEB8-8B4A-11D0-8D11-00A0C91BC942}") = "354", "354\354.vcxproj", "{5E9720FE-0FBE-423F-A61E-495C413CDB15}"
EndProject
Project("{8BC9CEB8-8B4A-11D0-8D11-00A0C91BC942}") = "420", "420\420.vcxproj", "{6BCA0BE7-BC6D-4038-90E6-BC0FFE3978D5}"
EndProject
Project("{8BC9CEB8-8B4A-11D0-8D11-00A0C91BC942}") = "444", "444\444.vcxproj", "{10C9C752-F856-44DF-8B0D-46F081AD7B2F}"
EndProject
Project("{8BC9CEB8-8B4A-11D0-8D11-00A0C91BC942}") = "507", "507\507.vcxproj", "{EDF02616-0979-4F29-ABAC-D9BF41FC0FF9}"
EndProject
Project("{8BC9CEB8-8B4A-11D0-8D11-00A0C91BC942}") = "472", "472\472.vcxproj", "{116D4BCA-97A3-4EA4-B60B-70810F3E324D}"
EndProject
Project("{8BC9CEB8-8B4A-11D0-8D11-00A0C91BC942}") = "528", "528\528.vcxproj", "{4F232816-923F-405A-9AC7-B29E5E072442}"
EndProject
Global
	GlobalSection(SolutionConfigurationPlatforms) = preSolution
		Debug|x64 = Debug|x64
		Debug|x86 = Debug|x86
		Release|x64 = Release|x64
		Release|x86 = Release|x86
	EndGlobalSection
	GlobalSection(ProjectConfigurationPlatforms) = postSolution
		{31BF7133-64B5-4740-9035-F17DF8672DB6}.Debug|x64.ActiveCfg = Debug|x64
		{31BF7133-64B5-4740-9035-F17DF8672DB6}.Debug|x64.Build.0 = Debug|x64
		{31BF7133-64B5-4740-9035-F17DF8672DB6}.Debug|x86.ActiveCfg = Debug|Win32
		{31BF7133-64B5-4740-9035-F17DF8672DB6}.Debug|x86.Build.0 = Debug|Win32
		{31BF7133-64B5-4740-9035-F17DF8672DB6}.Release|x64.ActiveCfg = Release|x64
		{31BF7133-64B5-4740-9035-F17DF8672DB6}.Release|x64.Build.0 = Release|x64
		{31BF7133-64B5-4740-9035-F17DF8672DB6}.Release|x86.ActiveCfg = Release|Win32
		{31BF7133-64B5-4740-9035-F17DF8672DB6}.Release|x86.Build.0 = Release|Win32
		{EF068500-C07F-4571-A2E9-0CA8552C172D}.Debug|x64.ActiveCfg = Debug|x64
		{EF068500-C07F-4571-A2E9-0CA8552C172D}.Debug|x64.Build.0 = Debug|x64
		{EF068500-C07F-4571-A2E9-0CA8552C172D}.Debug|x86.ActiveCfg = Debug|Win32
		{EF068500-C07F-4571-A2E9-0CA8552C172D}.Debug|x86.Build.0 = Debug|Win32
		{EF068500-C07F-4571-A2E9-0CA8552C172D}.Release|x64.ActiveCfg = Release|x64
		{EF068500-C07F-4571-A2E9-0CA8552C172D}.Release|x64.Build.0 = Release|x64
		{EF068500-C07F-4571-A2E9-0CA8552C172D}.Release|x86.ActiveCfg = Release|Win32
		{EF068500-C07F-4571-A2E9-0CA8552C172D}.Release|x86.Build.0 = Release|Win32
		{5E9720FE-0FBE-423F-A61E-495C413CDB15}.Debug|x64.ActiveCfg = Debug|x64
		{5E9720FE-0FBE-423F-A61E-495C413CDB15}.Debug|x64.Build.0 = Debug|x64
		{5E9720FE-0FBE-423F-A61E-495C413CDB15}.Debug|x86.ActiveCfg = Debug|Win32
		{5E9720FE-0FBE-423F-A61E-495C413CDB15}.Debug|x86.Build.0 = Debug|Win32
		{5E9720FE-0FBE-423F-A61E-495C413CDB15}.Release|x64.ActiveCfg = Release|x64
		{5E9720FE-0FBE-423F-A61E-495C413CDB15}.Release|x64.Build.0 = Release|x64
		{5E9720FE-0FBE-423F-A61E-495C413CDB15}.Release|x86.ActiveCfg = Release|Win32
		{5E9720FE-0FBE-423F-A61E-495C413CDB15}.Release|x86.Build.0 = Release|Win32
		{6BCA0BE7-BC6D-4038-90E6-BC0FFE3978D5}.Debug|x64.ActiveCfg = Debug|x64
		{6BCA0BE7-BC6D-4038-90E6-BC0FFE3978D5}.Debug|x64.Build.0 = Debug|x64
		{6BCA0BE7-BC6D-4038-90E6-BC0FFE3978D5}.Debug|x86.ActiveCfg = Debug|Win32
		{6BCA0BE7-BC6D-4038-90E6-BC0FFE3978D5}.Debug|x86.Build.0 = Debug|Win32
		{6BCA0BE7-BC6D-4038-90E6-BC0FFE3978D5}.Release|x64.ActiveCfg = Release|x64
		{6BCA0BE7-BC6D-4038-90E6-BC0FFE3978D5}.Release|x64.Build.0 = Release|x64
		{6BCA0BE7-BC6D-4038-90E6-BC0FFE3978D5}.Release|x86.ActiveCfg = Release|Win32
		{6BCA0BE7-BC6D-4038-90E6-BC0FFE3978D5}.Release|x86.Build.0 = Release|Win32
		{10C9C752-F856-44DF-8B0D-46F081AD7B2F}.Debug|x64.ActiveCfg = Debug|x64
		{10C9C752-F856-44DF-8B0D-46F081AD7B2F}.Debug|x64.Build.0 = Debug|x64
		{10C9C752-F856-44DF-8B0D-46F081AD7B2F}.Debug|x86.ActiveCfg = Debug|Win32
		{10C9C752-F856-44DF-8B0D-46F081AD7B2F}.Debug|x86.Build.0 = Debug|Win32
		{10C9C752-F856-44DF-8B0D-46F081AD7B2F}.Release|x64.ActiveCfg = Release|x64
		{10C9C752-F856-44DF-8B0D-46F081AD7B2F}.Release|x64.Build.0 = Release|x64
		{10C9C752-F856-44DF-8B0D-46F081AD7B2F}.Release|x86.ActiveCfg = Release|Win32
		{10C9C752-F856-44DF-8B0D-46F081AD7B2F}.Release|x86.Build.0 = Release|Win32
		{EDF02616-0979-4F29-ABAC-D9BF41FC0FF9}.Debug|x64.ActiveCfg = Debug|x64
		{EDF02616-0979-4F29-ABAC-D9BF41FC0FF9}.Debug|x64.Build.0 = Debug|x64
		{EDF02616-0979-4F29-ABAC-D9BF41FC0FF9}.Debug|x86.ActiveCfg = Debug|Win32
		{EDF02616-0979-4F29-ABAC-D9BF41FC0FF9}.Debug|x86.Build.0 = Debug|Win32
		{EDF02616-0979-4F29-ABAC-D9BF41FC0FF9}.Release|x64.ActiveCfg = Release|x64
		{EDF02616-0979-4F29-ABAC-D9BF41FC0FF9}.Release|x64.Build.0 = Release|x64
		{EDF02616-0979-4F29-ABAC-D9BF41FC0FF9}.Release|x86.ActiveCfg = Release|Win32
		{EDF02616-0979-4F29-ABAC-D9BF41FC0FF9}.Release|x86.Build.0 = Release|Win32
		{116D4BCA-97A3-4EA4-B60B-70810F3E324D}.Debug|x64.ActiveCfg = Debug|x64
		{116D4BCA-97A3-4EA4-B60B-70810F3E324D}.Debug|x64.Build.0 = Debug|x64
		{116D4BCA-97A3-4EA4-B60B-70810F3E324D}.Debug|x86.ActiveCfg = Debug|Win32
		{116D4BCA-97A3-4EA4-B60B-70810F3E324D}.Debug|x86.Build.0 = Debug|Win32
		{116D4BCA-97A3-4EA4-B60B-70810F3E324D}.Release|x64.ActiveCfg = Release|x64
		{116D4BCA-97A3-4EA4-B60B-70810F3E324D}.Release|x64.Build.0 = Release|x64
		{116D4BCA-97A3-4EA4-B60B-70810F3E324D}.Release|x86.ActiveCfg = Release|Win32
		{116D4BCA-97A3-4EA4-B60B-70810F3E324D}.Release|x86.Build.0 = Release|Win32
		{4F232816-923F-405A-9AC7-B29E5E072442}.Debug|x64.ActiveCfg = Debug|x64
		{4F232816-923F-405A-9AC7-B29E5E072442}.Debug|x64.Build.0 = Debug|x64
		{4F232816-923F-405A-9AC7-B29E5E072442}.Debug|x86.ActiveCfg = Debug|Win32
		{4F232816-923F-405A-9AC7-B29E5E072442}.Debug|x86.Build.0 = Debug|Win32
		{4F232816-923F-405A-9AC7-B29E5E072442}.Release|x64.ActiveCfg = Release|x64
		{4F232816-923F-405A-9AC7-B29E5E072442}.Release|x64.Build.0 = Release|x64
		{4F232816-923F-405A-9AC7-B29E5E072442}.Release|x86.ActiveCfg = Release|Win32
		{4F232816-923F-405A-9AC7-B29E5E072442}.Release|x86.Build.0 = Release|Win32
	EndGlobalSection
	GlobalSection(SolutionProperties) = preSolution
		HideSolutionNode = FALSE
	EndGlobalSection
	GlobalSection(ExtensibilityGlobals) = postSolution
		SolutionGuid = {9B169EAD-A909-4755-B03C-68A93160A08A}
	EndGlobalSection
EndGlobal
