
Microsoft Visual Studio Solution File, Format Version 12.00
# Visual Studio Version 17
VisualStudioVersion = 17.5.33516.290
MinimumVisualStudioVersion = 10.0.40219.1
Project("{8BC9CEB8-8B4A-11D0-8D11-00A0C91BC942}") = "ej02", "ej2\ej2.vcxproj", "{720A4440-0D47-4D54-A762-A09B58F85E1A}"
EndProject
Project("{8BC9CEB8-8B4A-11D0-8D11-00A0C91BC942}") = "ej03", "ej03\ej03.vcxproj", "{ECB419DF-C096-4F8D-B304-E7A2564E12B9}"
EndProject
Global
	GlobalSection(SolutionConfigurationPlatforms) = preSolution
		Debug|x64 = Debug|x64
		Debug|x86 = Debug|x86
		Release|x64 = Release|x64
		Release|x86 = Release|x86
	EndGlobalSection
	GlobalSection(ProjectConfigurationPlatforms) = postSolution
		{720A4440-0D47-4D54-A762-A09B58F85E1A}.Debug|x64.ActiveCfg = Debug|x64
		{720A4440-0D47-4D54-A762-A09B58F85E1A}.Debug|x64.Build.0 = Debug|x64
		{720A4440-0D47-4D54-A762-A09B58F85E1A}.Debug|x86.ActiveCfg = Debug|Win32
		{720A4440-0D47-4D54-A762-A09B58F85E1A}.Debug|x86.Build.0 = Debug|Win32
		{720A4440-0D47-4D54-A762-A09B58F85E1A}.Release|x64.ActiveCfg = Release|x64
		{720A4440-0D47-4D54-A762-A09B58F85E1A}.Release|x64.Build.0 = Release|x64
		{720A4440-0D47-4D54-A762-A09B58F85E1A}.Release|x86.ActiveCfg = Release|Win32
		{720A4440-0D47-4D54-A762-A09B58F85E1A}.Release|x86.Build.0 = Release|Win32
		{ECB419DF-C096-4F8D-B304-E7A2564E12B9}.Debug|x64.ActiveCfg = Debug|x64
		{ECB419DF-C096-4F8D-B304-E7A2564E12B9}.Debug|x64.Build.0 = Debug|x64
		{ECB419DF-C096-4F8D-B304-E7A2564E12B9}.Debug|x86.ActiveCfg = Debug|Win32
		{ECB419DF-C096-4F8D-B304-E7A2564E12B9}.Debug|x86.Build.0 = Debug|Win32
		{ECB419DF-C096-4F8D-B304-E7A2564E12B9}.Release|x64.ActiveCfg = Release|x64
		{ECB419DF-C096-4F8D-B304-E7A2564E12B9}.Release|x64.Build.0 = Release|x64
		{ECB419DF-C096-4F8D-B304-E7A2564E12B9}.Release|x86.ActiveCfg = Release|Win32
		{ECB419DF-C096-4F8D-B304-E7A2564E12B9}.Release|x86.Build.0 = Release|Win32
	EndGlobalSection
	GlobalSection(SolutionProperties) = preSolution
		HideSolutionNode = FALSE
	EndGlobalSection
	GlobalSection(ExtensibilityGlobals) = postSolution
		SolutionGuid = {66A8A9DB-F6B4-436F-B74F-3F04C6116BA1}
	EndGlobalSection
EndGlobal
