
Microsoft Visual Studio Solution File, Format Version 12.00
# Visual Studio Version 17
VisualStudioVersion = 17.5.33516.290
MinimumVisualStudioVersion = 10.0.40219.1
Project("{8BC9CEB8-8B4A-11D0-8D11-00A0C91BC942}") = "ej02", "ej2\ej2.vcxproj", "{720A4440-0D47-4D54-A762-A09B58F85E1A}"
EndProject
Project("{8BC9CEB8-8B4A-11D0-8D11-00A0C91BC942}") = "ej03", "ej03\ej03.vcxproj", "{ECB419DF-C096-4F8D-B304-E7A2564E12B9}"
EndProject
Project("{8BC9CEB8-8B4A-11D0-8D11-00A0C91BC942}") = "ej08", "ej08\ej08.vcxproj", "{A7274D2D-B947-49D2-A0E3-E59D36695F34}"
EndProject
Project("{8BC9CEB8-8B4A-11D0-8D11-00A0C91BC942}") = "ej07", "ej07\ej07.vcxproj", "{C442CB94-B07F-4763-8F23-AE2EC3FE1C85}"
EndProject
Project("{8BC9CEB8-8B4A-11D0-8D11-00A0C91BC942}") = "ej10", "ej10\ej10.vcxproj", "{556980F2-3E60-4B83-B541-063A7E2E1A69}"
EndProject
Project("{8BC9CEB8-8B4A-11D0-8D11-00A0C91BC942}") = "ej12", "ej12\ej12.vcxproj", "{76904C85-2390-45AD-B3A5-DCFE575CBC16}"
EndProject
Project("{8BC9CEB8-8B4A-11D0-8D11-00A0C91BC942}") = "ej11", "ej11\ej11.vcxproj", "{4CF1C38A-A819-43DF-B5F9-FCB4724F3143}"
EndProject
Project("{8BC9CEB8-8B4A-11D0-8D11-00A0C91BC942}") = "ej13", "ej13\ej13.vcxproj", "{26CB9581-7ED7-4A63-BE56-6D0D9F4B8B48}"
EndProject
Project("{8BC9CEB8-8B4A-11D0-8D11-00A0C91BC942}") = "ej14", "ej14\ej14.vcxproj", "{7C1BE6CF-D03E-4DAD-9EA8-13033306D226}"
EndProject
Project("{8BC9CEB8-8B4A-11D0-8D11-00A0C91BC942}") = "ej02examen", "ej02examen\ej02examen.vcxproj", "{F511F995-C577-455A-8EF4-87A304F4348F}"
EndProject
Project("{8BC9CEB8-8B4A-11D0-8D11-00A0C91BC942}") = "ej04", "ej04\ej04.vcxproj", "{2EF5C65B-D996-4F4F-AD54-DC3CA0EDE96B}"
EndProject
Project("{8BC9CEB8-8B4A-11D0-8D11-00A0C91BC942}") = "ej09", "ej09\ej09.vcxproj", "{DC02F53A-D4BA-4704-BD4D-1E97CA64A6AC}"
EndProject
Global
	GlobalSection(SolutionConfigurationPlatforms) = preSolution
		Debug|x64 = Debug|x64
		Debug|x86 = Debug|x86
		Release|x64 = Release|x64
		Release|x86 = Release|x86
	EndGlobalSection
	GlobalSection(ProjectConfigurationPlatforms) = postSolution
		{720A4440-0D47-4D54-A762-A09B58F85E1A}.Debug|x64.ActiveCfg = Debug|x64
		{720A4440-0D47-4D54-A762-A09B58F85E1A}.Debug|x64.Build.0 = Debug|x64
		{720A4440-0D47-4D54-A762-A09B58F85E1A}.Debug|x86.ActiveCfg = Debug|Win32
		{720A4440-0D47-4D54-A762-A09B58F85E1A}.Debug|x86.Build.0 = Debug|Win32
		{720A4440-0D47-4D54-A762-A09B58F85E1A}.Release|x64.ActiveCfg = Release|x64
		{720A4440-0D47-4D54-A762-A09B58F85E1A}.Release|x64.Build.0 = Release|x64
		{720A4440-0D47-4D54-A762-A09B58F85E1A}.Release|x86.ActiveCfg = Release|Win32
		{720A4440-0D47-4D54-A762-A09B58F85E1A}.Release|x86.Build.0 = Release|Win32
		{ECB419DF-C096-4F8D-B304-E7A2564E12B9}.Debug|x64.ActiveCfg = Debug|x64
		{ECB419DF-C096-4F8D-B304-E7A2564E12B9}.Debug|x64.Build.0 = Debug|x64
		{ECB419DF-C096-4F8D-B304-E7A2564E12B9}.Debug|x86.ActiveCfg = Debug|Win32
		{ECB419DF-C096-4F8D-B304-E7A2564E12B9}.Debug|x86.Build.0 = Debug|Win32
		{ECB419DF-C096-4F8D-B304-E7A2564E12B9}.Release|x64.ActiveCfg = Release|x64
		{ECB419DF-C096-4F8D-B304-E7A2564E12B9}.Release|x64.Build.0 = Release|x64
		{ECB419DF-C096-4F8D-B304-E7A2564E12B9}.Release|x86.ActiveCfg = Release|Win32
		{ECB419DF-C096-4F8D-B304-E7A2564E12B9}.Release|x86.Build.0 = Release|Win32
		{A7274D2D-B947-49D2-A0E3-E59D36695F34}.Debug|x64.ActiveCfg = Debug|x64
		{A7274D2D-B947-49D2-A0E3-E59D36695F34}.Debug|x64.Build.0 = Debug|x64
		{A7274D2D-B947-49D2-A0E3-E59D36695F34}.Debug|x86.ActiveCfg = Debug|Win32
		{A7274D2D-B947-49D2-A0E3-E59D36695F34}.Debug|x86.Build.0 = Debug|Win32
		{A7274D2D-B947-49D2-A0E3-E59D36695F34}.Release|x64.ActiveCfg = Release|x64
		{A7274D2D-B947-49D2-A0E3-E59D36695F34}.Release|x64.Build.0 = Release|x64
		{A7274D2D-B947-49D2-A0E3-E59D36695F34}.Release|x86.ActiveCfg = Release|Win32
		{A7274D2D-B947-49D2-A0E3-E59D36695F34}.Release|x86.Build.0 = Release|Win32
		{C442CB94-B07F-4763-8F23-AE2EC3FE1C85}.Debug|x64.ActiveCfg = Debug|x64
		{C442CB94-B07F-4763-8F23-AE2EC3FE1C85}.Debug|x64.Build.0 = Debug|x64
		{C442CB94-B07F-4763-8F23-AE2EC3FE1C85}.Debug|x86.ActiveCfg = Debug|Win32
		{C442CB94-B07F-4763-8F23-AE2EC3FE1C85}.Debug|x86.Build.0 = Debug|Win32
		{C442CB94-B07F-4763-8F23-AE2EC3FE1C85}.Release|x64.ActiveCfg = Release|x64
		{C442CB94-B07F-4763-8F23-AE2EC3FE1C85}.Release|x64.Build.0 = Release|x64
		{C442CB94-B07F-4763-8F23-AE2EC3FE1C85}.Release|x86.ActiveCfg = Release|Win32
		{C442CB94-B07F-4763-8F23-AE2EC3FE1C85}.Release|x86.Build.0 = Release|Win32
		{556980F2-3E60-4B83-B541-063A7E2E1A69}.Debug|x64.ActiveCfg = Debug|x64
		{556980F2-3E60-4B83-B541-063A7E2E1A69}.Debug|x64.Build.0 = Debug|x64
		{556980F2-3E60-4B83-B541-063A7E2E1A69}.Debug|x86.ActiveCfg = Debug|Win32
		{556980F2-3E60-4B83-B541-063A7E2E1A69}.Debug|x86.Build.0 = Debug|Win32
		{556980F2-3E60-4B83-B541-063A7E2E1A69}.Release|x64.ActiveCfg = Release|x64
		{556980F2-3E60-4B83-B541-063A7E2E1A69}.Release|x64.Build.0 = Release|x64
		{556980F2-3E60-4B83-B541-063A7E2E1A69}.Release|x86.ActiveCfg = Release|Win32
		{556980F2-3E60-4B83-B541-063A7E2E1A69}.Release|x86.Build.0 = Release|Win32
		{76904C85-2390-45AD-B3A5-DCFE575CBC16}.Debug|x64.ActiveCfg = Debug|x64
		{76904C85-2390-45AD-B3A5-DCFE575CBC16}.Debug|x64.Build.0 = Debug|x64
		{76904C85-2390-45AD-B3A5-DCFE575CBC16}.Debug|x86.ActiveCfg = Debug|Win32
		{76904C85-2390-45AD-B3A5-DCFE575CBC16}.Debug|x86.Build.0 = Debug|Win32
		{76904C85-2390-45AD-B3A5-DCFE575CBC16}.Release|x64.ActiveCfg = Release|x64
		{76904C85-2390-45AD-B3A5-DCFE575CBC16}.Release|x64.Build.0 = Release|x64
		{76904C85-2390-45AD-B3A5-DCFE575CBC16}.Release|x86.ActiveCfg = Release|Win32
		{76904C85-2390-45AD-B3A5-DCFE575CBC16}.Release|x86.Build.0 = Release|Win32
		{4CF1C38A-A819-43DF-B5F9-FCB4724F3143}.Debug|x64.ActiveCfg = Debug|x64
		{4CF1C38A-A819-43DF-B5F9-FCB4724F3143}.Debug|x64.Build.0 = Debug|x64
		{4CF1C38A-A819-43DF-B5F9-FCB4724F3143}.Debug|x86.ActiveCfg = Debug|Win32
		{4CF1C38A-A819-43DF-B5F9-FCB4724F3143}.Debug|x86.Build.0 = Debug|Win32
		{4CF1C38A-A819-43DF-B5F9-FCB4724F3143}.Release|x64.ActiveCfg = Release|x64
		{4CF1C38A-A819-43DF-B5F9-FCB4724F3143}.Release|x64.Build.0 = Release|x64
		{4CF1C38A-A819-43DF-B5F9-FCB4724F3143}.Release|x86.ActiveCfg = Release|Win32
		{4CF1C38A-A819-43DF-B5F9-FCB4724F3143}.Release|x86.Build.0 = Release|Win32
		{26CB9581-7ED7-4A63-BE56-6D0D9F4B8B48}.Debug|x64.ActiveCfg = Debug|x64
		{26CB9581-7ED7-4A63-BE56-6D0D9F4B8B48}.Debug|x64.Build.0 = Debug|x64
		{26CB9581-7ED7-4A63-BE56-6D0D9F4B8B48}.Debug|x86.ActiveCfg = Debug|Win32
		{26CB9581-7ED7-4A63-BE56-6D0D9F4B8B48}.Debug|x86.Build.0 = Debug|Win32
		{26CB9581-7ED7-4A63-BE56-6D0D9F4B8B48}.Release|x64.ActiveCfg = Release|x64
		{26CB9581-7ED7-4A63-BE56-6D0D9F4B8B48}.Release|x64.Build.0 = Release|x64
		{26CB9581-7ED7-4A63-BE56-6D0D9F4B8B48}.Release|x86.ActiveCfg = Release|Win32
		{26CB9581-7ED7-4A63-BE56-6D0D9F4B8B48}.Release|x86.Build.0 = Release|Win32
		{7C1BE6CF-D03E-4DAD-9EA8-13033306D226}.Debug|x64.ActiveCfg = Debug|x64
		{7C1BE6CF-D03E-4DAD-9EA8-13033306D226}.Debug|x64.Build.0 = Debug|x64
		{7C1BE6CF-D03E-4DAD-9EA8-13033306D226}.Debug|x86.ActiveCfg = Debug|Win32
		{7C1BE6CF-D03E-4DAD-9EA8-13033306D226}.Debug|x86.Build.0 = Debug|Win32
		{7C1BE6CF-D03E-4DAD-9EA8-13033306D226}.Release|x64.ActiveCfg = Release|x64
		{7C1BE6CF-D03E-4DAD-9EA8-13033306D226}.Release|x64.Build.0 = Release|x64
		{7C1BE6CF-D03E-4DAD-9EA8-13033306D226}.Release|x86.ActiveCfg = Release|Win32
		{7C1BE6CF-D03E-4DAD-9EA8-13033306D226}.Release|x86.Build.0 = Release|Win32
		{F511F995-C577-455A-8EF4-87A304F4348F}.Debug|x64.ActiveCfg = Debug|x64
		{F511F995-C577-455A-8EF4-87A304F4348F}.Debug|x64.Build.0 = Debug|x64
		{F511F995-C577-455A-8EF4-87A304F4348F}.Debug|x86.ActiveCfg = Debug|Win32
		{F511F995-C577-455A-8EF4-87A304F4348F}.Debug|x86.Build.0 = Debug|Win32
		{F511F995-C577-455A-8EF4-87A304F4348F}.Release|x64.ActiveCfg = Release|x64
		{F511F995-C577-455A-8EF4-87A304F4348F}.Release|x64.Build.0 = Release|x64
		{F511F995-C577-455A-8EF4-87A304F4348F}.Release|x86.ActiveCfg = Release|Win32
		{F511F995-C577-455A-8EF4-87A304F4348F}.Release|x86.Build.0 = Release|Win32
		{2EF5C65B-D996-4F4F-AD54-DC3CA0EDE96B}.Debug|x64.ActiveCfg = Debug|x64
		{2EF5C65B-D996-4F4F-AD54-DC3CA0EDE96B}.Debug|x64.Build.0 = Debug|x64
		{2EF5C65B-D996-4F4F-AD54-DC3CA0EDE96B}.Debug|x86.ActiveCfg = Debug|Win32
		{2EF5C65B-D996-4F4F-AD54-DC3CA0EDE96B}.Debug|x86.Build.0 = Debug|Win32
		{2EF5C65B-D996-4F4F-AD54-DC3CA0EDE96B}.Release|x64.ActiveCfg = Release|x64
		{2EF5C65B-D996-4F4F-AD54-DC3CA0EDE96B}.Release|x64.Build.0 = Release|x64
		{2EF5C65B-D996-4F4F-AD54-DC3CA0EDE96B}.Release|x86.ActiveCfg = Release|Win32
		{2EF5C65B-D996-4F4F-AD54-DC3CA0EDE96B}.Release|x86.Build.0 = Release|Win32
		{DC02F53A-D4BA-4704-BD4D-1E97CA64A6AC}.Debug|x64.ActiveCfg = Debug|x64
		{DC02F53A-D4BA-4704-BD4D-1E97CA64A6AC}.Debug|x64.Build.0 = Debug|x64
		{DC02F53A-D4BA-4704-BD4D-1E97CA64A6AC}.Debug|x86.ActiveCfg = Debug|Win32
		{DC02F53A-D4BA-4704-BD4D-1E97CA64A6AC}.Debug|x86.Build.0 = Debug|Win32
		{DC02F53A-D4BA-4704-BD4D-1E97CA64A6AC}.Release|x64.ActiveCfg = Release|x64
		{DC02F53A-D4BA-4704-BD4D-1E97CA64A6AC}.Release|x64.Build.0 = Release|x64
		{DC02F53A-D4BA-4704-BD4D-1E97CA64A6AC}.Release|x86.ActiveCfg = Release|Win32
		{DC02F53A-D4BA-4704-BD4D-1E97CA64A6AC}.Release|x86.Build.0 = Release|Win32
	EndGlobalSection
	GlobalSection(SolutionProperties) = preSolution
		HideSolutionNode = FALSE
	EndGlobalSection
	GlobalSection(ExtensibilityGlobals) = postSolution
		SolutionGuid = {66A8A9DB-F6B4-436F-B74F-3F04C6116BA1}
	EndGlobalSection
EndGlobal
