
Microsoft Visual Studio Solution File, Format Version 12.00
# Visual Studio Version 17
VisualStudioVersion = 17.5.33516.290
MinimumVisualStudioVersion = 10.0.40219.1
Project("{8BC9CEB8-8B4A-11D0-8D11-00A0C91BC942}") = "examen 2022 ordinaria", "examen 2022 ordinaria\examen 2022 ordinaria.vcxproj", "{0A24EECA-5B93-4B62-8452-8B55542D2532}"
EndProject
Global
	GlobalSection(SolutionConfigurationPlatforms) = preSolution
		Debug|x64 = Debug|x64
		Debug|x86 = Debug|x86
		Release|x64 = Release|x64
		Release|x86 = Release|x86
	EndGlobalSection
	GlobalSection(ProjectConfigurationPlatforms) = postSolution
		{0A24EECA-5B93-4B62-8452-8B55542D2532}.Debug|x64.ActiveCfg = Debug|x64
		{0A24EECA-5B93-4B62-8452-8B55542D2532}.Debug|x64.Build.0 = Debug|x64
		{0A24EECA-5B93-4B62-8452-8B55542D2532}.Debug|x86.ActiveCfg = Debug|Win32
		{0A24EECA-5B93-4B62-8452-8B55542D2532}.Debug|x86.Build.0 = Debug|Win32
		{0A24EECA-5B93-4B62-8452-8B55542D2532}.Release|x64.ActiveCfg = Release|x64
		{0A24EECA-5B93-4B62-8452-8B55542D2532}.Release|x64.Build.0 = Release|x64
		{0A24EECA-5B93-4B62-8452-8B55542D2532}.Release|x86.ActiveCfg = Release|Win32
		{0A24EECA-5B93-4B62-8452-8B55542D2532}.Release|x86.Build.0 = Release|Win32
	EndGlobalSection
	GlobalSection(SolutionProperties) = preSolution
		HideSolutionNode = FALSE
	EndGlobalSection
	GlobalSection(ExtensibilityGlobals) = postSolution
		SolutionGuid = {EB69705E-ADDA-43DA-8189-5B2591F8BFCB}
	EndGlobalSection
EndGlobal
