
Microsoft Visual Studio Solution File, Format Version 12.00
# Visual Studio Version 17
VisualStudioVersion = 17.5.33516.290
MinimumVisualStudioVersion = 10.0.40219.1
Project("{8BC9CEB8-8B4A-11D0-8D11-00A0C91BC942}") = "apuntes 5 oct", "apuntes 5 oct\apuntes 5 oct.vcxproj", "{CFCE0FC1-0970-46D4-B596-281E80A89103}"
EndProject
Project("{8BC9CEB8-8B4A-11D0-8D11-00A0C91BC942}") = "19 oct", "19 oct\19 oct.vcxproj", "{95344501-C272-4A44-AD6C-70DBAC0082C0}"
EndProject
Project("{8BC9CEB8-8B4A-11D0-8D11-00A0C91BC942}") = "20 oct", "20 oct\20 oct.vcxproj", "{7933594D-6BB0-479B-B7A0-87DDFA28ADB5}"
EndProject
Project("{8BC9CEB8-8B4A-11D0-8D11-00A0C91BC942}") = "26 oct", "26 oct\26 oct.vcxproj", "{7B7AB59D-0193-48FE-BAD7-855DECB3C602}"
EndProject
Project("{8BC9CEB8-8B4A-11D0-8D11-00A0C91BC942}") = "16 nov", "16 nov\16 nov.vcxproj", "{A2D4B7E5-50C2-4B3B-AD92-E6DECC565DFF}"
EndProject
Project("{8BC9CEB8-8B4A-11D0-8D11-00A0C91BC942}") = "30 nov", "30 nov\30 nov.vcxproj", "{1E784FF3-D8F4-4273-8653-DFC5DB344C36}"
EndProject
Project("{8BC9CEB8-8B4A-11D0-8D11-00A0C91BC942}") = "Examen2019", "Examen2019\Examen2019.vcxproj", "{DD2F2924-DD74-4561-8BC8-DD4FC2858614}"
EndProject
Project("{8BC9CEB8-8B4A-11D0-8D11-00A0C91BC942}") = "vector minimalista", "vector minimalista\vector minimalista.vcxproj", "{523F77FC-69D7-42B5-99A7-3507CAD44B25}"
EndProject
Global
	GlobalSection(SolutionConfigurationPlatforms) = preSolution
		Debug|x64 = Debug|x64
		Debug|x86 = Debug|x86
		Release|x64 = Release|x64
		Release|x86 = Release|x86
	EndGlobalSection
	GlobalSection(ProjectConfigurationPlatforms) = postSolution
		{CFCE0FC1-0970-46D4-B596-281E80A89103}.Debug|x64.ActiveCfg = Debug|x64
		{CFCE0FC1-0970-46D4-B596-281E80A89103}.Debug|x64.Build.0 = Debug|x64
		{CFCE0FC1-0970-46D4-B596-281E80A89103}.Debug|x86.ActiveCfg = Debug|Win32
		{CFCE0FC1-0970-46D4-B596-281E80A89103}.Debug|x86.Build.0 = Debug|Win32
		{CFCE0FC1-0970-46D4-B596-281E80A89103}.Release|x64.ActiveCfg = Release|x64
		{CFCE0FC1-0970-46D4-B596-281E80A89103}.Release|x64.Build.0 = Release|x64
		{CFCE0FC1-0970-46D4-B596-281E80A89103}.Release|x86.ActiveCfg = Release|Win32
		{CFCE0FC1-0970-46D4-B596-281E80A89103}.Release|x86.Build.0 = Release|Win32
		{95344501-C272-4A44-AD6C-70DBAC0082C0}.Debug|x64.ActiveCfg = Debug|x64
		{95344501-C272-4A44-AD6C-70DBAC0082C0}.Debug|x64.Build.0 = Debug|x64
		{95344501-C272-4A44-AD6C-70DBAC0082C0}.Debug|x86.ActiveCfg = Debug|Win32
		{95344501-C272-4A44-AD6C-70DBAC0082C0}.Debug|x86.Build.0 = Debug|Win32
		{95344501-C272-4A44-AD6C-70DBAC0082C0}.Release|x64.ActiveCfg = Release|x64
		{95344501-C272-4A44-AD6C-70DBAC0082C0}.Release|x64.Build.0 = Release|x64
		{95344501-C272-4A44-AD6C-70DBAC0082C0}.Release|x86.ActiveCfg = Release|Win32
		{95344501-C272-4A44-AD6C-70DBAC0082C0}.Release|x86.Build.0 = Release|Win32
		{7933594D-6BB0-479B-B7A0-87DDFA28ADB5}.Debug|x64.ActiveCfg = Debug|x64
		{7933594D-6BB0-479B-B7A0-87DDFA28ADB5}.Debug|x64.Build.0 = Debug|x64
		{7933594D-6BB0-479B-B7A0-87DDFA28ADB5}.Debug|x86.ActiveCfg = Debug|Win32
		{7933594D-6BB0-479B-B7A0-87DDFA28ADB5}.Debug|x86.Build.0 = Debug|Win32
		{7933594D-6BB0-479B-B7A0-87DDFA28ADB5}.Release|x64.ActiveCfg = Release|x64
		{7933594D-6BB0-479B-B7A0-87DDFA28ADB5}.Release|x64.Build.0 = Release|x64
		{7933594D-6BB0-479B-B7A0-87DDFA28ADB5}.Release|x86.ActiveCfg = Release|Win32
		{7933594D-6BB0-479B-B7A0-87DDFA28ADB5}.Release|x86.Build.0 = Release|Win32
		{7B7AB59D-0193-48FE-BAD7-855DECB3C602}.Debug|x64.ActiveCfg = Debug|x64
		{7B7AB59D-0193-48FE-BAD7-855DECB3C602}.Debug|x64.Build.0 = Debug|x64
		{7B7AB59D-0193-48FE-BAD7-855DECB3C602}.Debug|x86.ActiveCfg = Debug|Win32
		{7B7AB59D-0193-48FE-BAD7-855DECB3C602}.Debug|x86.Build.0 = Debug|Win32
		{7B7AB59D-0193-48FE-BAD7-855DECB3C602}.Release|x64.ActiveCfg = Release|x64
		{7B7AB59D-0193-48FE-BAD7-855DECB3C602}.Release|x64.Build.0 = Release|x64
		{7B7AB59D-0193-48FE-BAD7-855DECB3C602}.Release|x86.ActiveCfg = Release|Win32
		{7B7AB59D-0193-48FE-BAD7-855DECB3C602}.Release|x86.Build.0 = Release|Win32
		{A2D4B7E5-50C2-4B3B-AD92-E6DECC565DFF}.Debug|x64.ActiveCfg = Debug|x64
		{A2D4B7E5-50C2-4B3B-AD92-E6DECC565DFF}.Debug|x64.Build.0 = Debug|x64
		{A2D4B7E5-50C2-4B3B-AD92-E6DECC565DFF}.Debug|x86.ActiveCfg = Debug|Win32
		{A2D4B7E5-50C2-4B3B-AD92-E6DECC565DFF}.Debug|x86.Build.0 = Debug|Win32
		{A2D4B7E5-50C2-4B3B-AD92-E6DECC565DFF}.Release|x64.ActiveCfg = Release|x64
		{A2D4B7E5-50C2-4B3B-AD92-E6DECC565DFF}.Release|x64.Build.0 = Release|x64
		{A2D4B7E5-50C2-4B3B-AD92-E6DECC565DFF}.Release|x86.ActiveCfg = Release|Win32
		{A2D4B7E5-50C2-4B3B-AD92-E6DECC565DFF}.Release|x86.Build.0 = Release|Win32
		{1E784FF3-D8F4-4273-8653-DFC5DB344C36}.Debug|x64.ActiveCfg = Debug|x64
		{1E784FF3-D8F4-4273-8653-DFC5DB344C36}.Debug|x64.Build.0 = Debug|x64
		{1E784FF3-D8F4-4273-8653-DFC5DB344C36}.Debug|x86.ActiveCfg = Debug|Win32
		{1E784FF3-D8F4-4273-8653-DFC5DB344C36}.Debug|x86.Build.0 = Debug|Win32
		{1E784FF3-D8F4-4273-8653-DFC5DB344C36}.Release|x64.ActiveCfg = Release|x64
		{1E784FF3-D8F4-4273-8653-DFC5DB344C36}.Release|x64.Build.0 = Release|x64
		{1E784FF3-D8F4-4273-8653-DFC5DB344C36}.Release|x86.ActiveCfg = Release|Win32
		{1E784FF3-D8F4-4273-8653-DFC5DB344C36}.Release|x86.Build.0 = Release|Win32
		{DD2F2924-DD74-4561-8BC8-DD4FC2858614}.Debug|x64.ActiveCfg = Debug|x64
		{DD2F2924-DD74-4561-8BC8-DD4FC2858614}.Debug|x64.Build.0 = Debug|x64
		{DD2F2924-DD74-4561-8BC8-DD4FC2858614}.Debug|x86.ActiveCfg = Debug|Win32
		{DD2F2924-DD74-4561-8BC8-DD4FC2858614}.Debug|x86.Build.0 = Debug|Win32
		{DD2F2924-DD74-4561-8BC8-DD4FC2858614}.Release|x64.ActiveCfg = Release|x64
		{DD2F2924-DD74-4561-8BC8-DD4FC2858614}.Release|x64.Build.0 = Release|x64
		{DD2F2924-DD74-4561-8BC8-DD4FC2858614}.Release|x86.ActiveCfg = Release|Win32
		{DD2F2924-DD74-4561-8BC8-DD4FC2858614}.Release|x86.Build.0 = Release|Win32
		{523F77FC-69D7-42B5-99A7-3507CAD44B25}.Debug|x64.ActiveCfg = Debug|x64
		{523F77FC-69D7-42B5-99A7-3507CAD44B25}.Debug|x64.Build.0 = Debug|x64
		{523F77FC-69D7-42B5-99A7-3507CAD44B25}.Debug|x86.ActiveCfg = Debug|Win32
		{523F77FC-69D7-42B5-99A7-3507CAD44B25}.Debug|x86.Build.0 = Debug|Win32
		{523F77FC-69D7-42B5-99A7-3507CAD44B25}.Release|x64.ActiveCfg = Release|x64
		{523F77FC-69D7-42B5-99A7-3507CAD44B25}.Release|x64.Build.0 = Release|x64
		{523F77FC-69D7-42B5-99A7-3507CAD44B25}.Release|x86.ActiveCfg = Release|Win32
		{523F77FC-69D7-42B5-99A7-3507CAD44B25}.Release|x86.Build.0 = Release|Win32
	EndGlobalSection
	GlobalSection(SolutionProperties) = preSolution
		HideSolutionNode = FALSE
	EndGlobalSection
	GlobalSection(ExtensibilityGlobals) = postSolution
		SolutionGuid = {481A1E2E-1FA0-4FB9-89FA-7106EC8BAA29}
	EndGlobalSection
EndGlobal
