
Microsoft Visual Studio Solution File, Format Version 12.00
# Visual Studio Version 17
VisualStudioVersion = 17.5.33516.290
MinimumVisualStudioVersion = 10.0.40219.1
Project("{8BC9CEB8-8B4A-11D0-8D11-00A0C91BC942}") = "219", "219-314-222-152-346\219-314-222-152-346.vcxproj", "{829FB709-EF6A-4D7D-9922-3EDB79F93FE9}"
EndProject
Project("{8BC9CEB8-8B4A-11D0-8D11-00A0C91BC942}") = "314", "314\314.vcxproj", "{89A6794B-9D3C-4AC7-8655-7F393B9766F5}"
EndProject
Project("{8BC9CEB8-8B4A-11D0-8D11-00A0C91BC942}") = "436", "436\436.vcxproj", "{59305308-AD1D-4E8D-8AD7-D5011E5F231B}"
EndProject
Project("{8BC9CEB8-8B4A-11D0-8D11-00A0C91BC942}") = "221", "221\221.vcxproj", "{F99C2EA8-1987-46D4-A9E7-9E796002C66D}"
EndProject
Project("{8BC9CEB8-8B4A-11D0-8D11-00A0C91BC942}") = "152", "152\152.vcxproj", "{FACD3F28-7C9B-48E1-A5D4-5B2151C970A9}"
EndProject
Global
	GlobalSection(SolutionConfigurationPlatforms) = preSolution
		Debug|x64 = Debug|x64
		Debug|x86 = Debug|x86
		Release|x64 = Release|x64
		Release|x86 = Release|x86
	EndGlobalSection
	GlobalSection(ProjectConfigurationPlatforms) = postSolution
		{829FB709-EF6A-4D7D-9922-3EDB79F93FE9}.Debug|x64.ActiveCfg = Debug|x64
		{829FB709-EF6A-4D7D-9922-3EDB79F93FE9}.Debug|x64.Build.0 = Debug|x64
		{829FB709-EF6A-4D7D-9922-3EDB79F93FE9}.Debug|x86.ActiveCfg = Debug|Win32
		{829FB709-EF6A-4D7D-9922-3EDB79F93FE9}.Debug|x86.Build.0 = Debug|Win32
		{829FB709-EF6A-4D7D-9922-3EDB79F93FE9}.Release|x64.ActiveCfg = Release|x64
		{829FB709-EF6A-4D7D-9922-3EDB79F93FE9}.Release|x64.Build.0 = Release|x64
		{829FB709-EF6A-4D7D-9922-3EDB79F93FE9}.Release|x86.ActiveCfg = Release|Win32
		{829FB709-EF6A-4D7D-9922-3EDB79F93FE9}.Release|x86.Build.0 = Release|Win32
		{89A6794B-9D3C-4AC7-8655-7F393B9766F5}.Debug|x64.ActiveCfg = Debug|x64
		{89A6794B-9D3C-4AC7-8655-7F393B9766F5}.Debug|x64.Build.0 = Debug|x64
		{89A6794B-9D3C-4AC7-8655-7F393B9766F5}.Debug|x86.ActiveCfg = Debug|Win32
		{89A6794B-9D3C-4AC7-8655-7F393B9766F5}.Debug|x86.Build.0 = Debug|Win32
		{89A6794B-9D3C-4AC7-8655-7F393B9766F5}.Release|x64.ActiveCfg = Release|x64
		{89A6794B-9D3C-4AC7-8655-7F393B9766F5}.Release|x64.Build.0 = Release|x64
		{89A6794B-9D3C-4AC7-8655-7F393B9766F5}.Release|x86.ActiveCfg = Release|Win32
		{89A6794B-9D3C-4AC7-8655-7F393B9766F5}.Release|x86.Build.0 = Release|Win32
		{59305308-AD1D-4E8D-8AD7-D5011E5F231B}.Debug|x64.ActiveCfg = Debug|x64
		{59305308-AD1D-4E8D-8AD7-D5011E5F231B}.Debug|x64.Build.0 = Debug|x64
		{59305308-AD1D-4E8D-8AD7-D5011E5F231B}.Debug|x86.ActiveCfg = Debug|Win32
		{59305308-AD1D-4E8D-8AD7-D5011E5F231B}.Debug|x86.Build.0 = Debug|Win32
		{59305308-AD1D-4E8D-8AD7-D5011E5F231B}.Release|x64.ActiveCfg = Release|x64
		{59305308-AD1D-4E8D-8AD7-D5011E5F231B}.Release|x64.Build.0 = Release|x64
		{59305308-AD1D-4E8D-8AD7-D5011E5F231B}.Release|x86.ActiveCfg = Release|Win32
		{59305308-AD1D-4E8D-8AD7-D5011E5F231B}.Release|x86.Build.0 = Release|Win32
		{F99C2EA8-1987-46D4-A9E7-9E796002C66D}.Debug|x64.ActiveCfg = Debug|x64
		{F99C2EA8-1987-46D4-A9E7-9E796002C66D}.Debug|x64.Build.0 = Debug|x64
		{F99C2EA8-1987-46D4-A9E7-9E796002C66D}.Debug|x86.ActiveCfg = Debug|Win32
		{F99C2EA8-1987-46D4-A9E7-9E796002C66D}.Debug|x86.Build.0 = Debug|Win32
		{F99C2EA8-1987-46D4-A9E7-9E796002C66D}.Release|x64.ActiveCfg = Release|x64
		{F99C2EA8-1987-46D4-A9E7-9E796002C66D}.Release|x64.Build.0 = Release|x64
		{F99C2EA8-1987-46D4-A9E7-9E796002C66D}.Release|x86.ActiveCfg = Release|Win32
		{F99C2EA8-1987-46D4-A9E7-9E796002C66D}.Release|x86.Build.0 = Release|Win32
		{FACD3F28-7C9B-48E1-A5D4-5B2151C970A9}.Debug|x64.ActiveCfg = Debug|x64
		{FACD3F28-7C9B-48E1-A5D4-5B2151C970A9}.Debug|x64.Build.0 = Debug|x64
		{FACD3F28-7C9B-48E1-A5D4-5B2151C970A9}.Debug|x86.ActiveCfg = Debug|Win32
		{FACD3F28-7C9B-48E1-A5D4-5B2151C970A9}.Debug|x86.Build.0 = Debug|Win32
		{FACD3F28-7C9B-48E1-A5D4-5B2151C970A9}.Release|x64.ActiveCfg = Release|x64
		{FACD3F28-7C9B-48E1-A5D4-5B2151C970A9}.Release|x64.Build.0 = Release|x64
		{FACD3F28-7C9B-48E1-A5D4-5B2151C970A9}.Release|x86.ActiveCfg = Release|Win32
		{FACD3F28-7C9B-48E1-A5D4-5B2151C970A9}.Release|x86.Build.0 = Release|Win32
	EndGlobalSection
	GlobalSection(SolutionProperties) = preSolution
		HideSolutionNode = FALSE
	EndGlobalSection
	GlobalSection(ExtensibilityGlobals) = postSolution
		SolutionGuid = {2704E90E-B746-4DD8-B317-C5FB7C771B0B}
	EndGlobalSection
EndGlobal
