
Microsoft Visual Studio Solution File, Format Version 12.00
# Visual Studio Version 17
VisualStudioVersion = 17.5.33516.290
MinimumVisualStudioVersion = 10.0.40219.1
Project("{8BC9CEB8-8B4A-11D0-8D11-00A0C91BC942}") = "ejercicio 1 pilas", "Ejercicios clase\Ejercicios clase.vcxproj", "{3075EDDC-96D1-49BC-B44E-F8843BD0BD54}"
EndProject
Project("{8BC9CEB8-8B4A-11D0-8D11-00A0C91BC942}") = "ejercicio4", "ejercicio4\ejercicio4.vcxproj", "{5522D6CD-3398-420D-A888-BE40602834A5}"
EndProject
Global
	GlobalSection(SolutionConfigurationPlatforms) = preSolution
		Debug|x64 = Debug|x64
		Debug|x86 = Debug|x86
		Release|x64 = Release|x64
		Release|x86 = Release|x86
	EndGlobalSection
	GlobalSection(ProjectConfigurationPlatforms) = postSolution
		{3075EDDC-96D1-49BC-B44E-F8843BD0BD54}.Debug|x64.ActiveCfg = Debug|x64
		{3075EDDC-96D1-49BC-B44E-F8843BD0BD54}.Debug|x64.Build.0 = Debug|x64
		{3075EDDC-96D1-49BC-B44E-F8843BD0BD54}.Debug|x86.ActiveCfg = Debug|Win32
		{3075EDDC-96D1-49BC-B44E-F8843BD0BD54}.Debug|x86.Build.0 = Debug|Win32
		{3075EDDC-96D1-49BC-B44E-F8843BD0BD54}.Release|x64.ActiveCfg = Release|x64
		{3075EDDC-96D1-49BC-B44E-F8843BD0BD54}.Release|x64.Build.0 = Release|x64
		{3075EDDC-96D1-49BC-B44E-F8843BD0BD54}.Release|x86.ActiveCfg = Release|Win32
		{3075EDDC-96D1-49BC-B44E-F8843BD0BD54}.Release|x86.Build.0 = Release|Win32
		{5522D6CD-3398-420D-A888-BE40602834A5}.Debug|x64.ActiveCfg = Debug|x64
		{5522D6CD-3398-420D-A888-BE40602834A5}.Debug|x64.Build.0 = Debug|x64
		{5522D6CD-3398-420D-A888-BE40602834A5}.Debug|x86.ActiveCfg = Debug|Win32
		{5522D6CD-3398-420D-A888-BE40602834A5}.Debug|x86.Build.0 = Debug|Win32
		{5522D6CD-3398-420D-A888-BE40602834A5}.Release|x64.ActiveCfg = Release|x64
		{5522D6CD-3398-420D-A888-BE40602834A5}.Release|x64.Build.0 = Release|x64
		{5522D6CD-3398-420D-A888-BE40602834A5}.Release|x86.ActiveCfg = Release|Win32
		{5522D6CD-3398-420D-A888-BE40602834A5}.Release|x86.Build.0 = Release|Win32
	EndGlobalSection
	GlobalSection(SolutionProperties) = preSolution
		HideSolutionNode = FALSE
	EndGlobalSection
	GlobalSection(ExtensibilityGlobals) = postSolution
		SolutionGuid = {9912F87E-DB29-4B1D-906D-DB3BCCFF35E0}
	EndGlobalSection
EndGlobal
