
Microsoft Visual Studio Solution File, Format Version 12.00
# Visual Studio Version 17
VisualStudioVersion = 17.4.33110.190
MinimumVisualStudioVersion = 10.0.40219.1
Project("{8BC9CEB8-8B4A-11D0-8D11-00A0C91BC942}") = "6. Hanoificar", "hanoi\hanoi.vcxproj", "{113F6CC7-73BD-4F4F-A471-DBE253D3B9E7}"
EndProject
Project("{8BC9CEB8-8B4A-11D0-8D11-00A0C91BC942}") = "3. Secuencia", "Secuencia\Secuencia.vcxproj", "{A4730E42-332A-4255-B0A8-B23B72AC3B98}"
EndProject
Project("{8BC9CEB8-8B4A-11D0-8D11-00A0C91BC942}") = "1. Fracciones", "Racionales\Racionales.vcxproj", "{2A238725-3B90-4045-AFD9-B20A69A4A9D4}"
EndProject
Project("{8BC9CEB8-8B4A-11D0-8D11-00A0C91BC942}") = "5. hundir al mayor", "hundir al mayor\hundir al mayor.vcxproj", "{B10406C4-7FC0-4C75-B034-D9F36C2DF007}"
EndProject
Project("{8BC9CEB8-8B4A-11D0-8D11-00A0C91BC942}") = "7. Colarse", "Colarse\Colarse.vcxproj", "{2E725334-10D1-488A-8022-3BBAF145B4A5}"
EndProject
Project("{8BC9CEB8-8B4A-11D0-8D11-00A0C91BC942}") = "8. Minimo a cima", "8. Minimo a cima\8. Minimo a cima.vcxproj", "{54B901C7-271E-4519-A826-35B39D57EF86}"
EndProject
Project("{8BC9CEB8-8B4A-11D0-8D11-00A0C91BC942}") = "9. Penalizar", "9. Penalizar\9. Penalizar.vcxproj", "{C60C13AD-35DC-406C-87EA-00891AC67C37}"
EndProject
Project("{8BC9CEB8-8B4A-11D0-8D11-00A0C91BC942}") = "13. Impar-balanceados", "13. Impar-balanceados\13. Impar-balanceados.vcxproj", "{289A9D89-49E1-46D5-9D4D-0B9EB75EE3C5}"
EndProject
Project("{8BC9CEB8-8B4A-11D0-8D11-00A0C91BC942}") = "14. Hojas Profundas", "14. Hojas Profundas\14. Hojas Profundas.vcxproj", "{DE900518-9FB4-4925-8413-566441BB1357}"
EndProject
Project("{8BC9CEB8-8B4A-11D0-8D11-00A0C91BC942}") = "21. Evaluacion", "21. Evaluacion\21. Evaluacion.vcxproj", "{B583FEC1-B129-490B-934D-FF045FB89435}"
EndProject
Project("{8BC9CEB8-8B4A-11D0-8D11-00A0C91BC942}") = "22. Vectores Dispersos", "22. Vectores Dispersos\22. Vectores Dispersos.vcxproj", "{A492D18E-F535-4DD7-A432-D8452ACF0F60}"
EndProject
Project("{8BC9CEB8-8B4A-11D0-8D11-00A0C91BC942}") = "ejercicio mio", "ejercicio mio\ejercicio mio.vcxproj", "{8AB8A6FA-31EB-4238-9F8F-CF276A09DB91}"
EndProject
Project("{8BC9CEB8-8B4A-11D0-8D11-00A0C91BC942}") = "15. Princesas A Salvo", "15. Princesas A Salvo\15. Princesas A Salvo.vcxproj", "{2B7182C6-B28C-44BC-AFCF-76D2228D852A}"
EndProject
Global
	GlobalSection(SolutionConfigurationPlatforms) = preSolution
		Debug|x64 = Debug|x64
		Debug|x86 = Debug|x86
		Release|x64 = Release|x64
		Release|x86 = Release|x86
	EndGlobalSection
	GlobalSection(ProjectConfigurationPlatforms) = postSolution
		{113F6CC7-73BD-4F4F-A471-DBE253D3B9E7}.Debug|x64.ActiveCfg = Debug|x64
		{113F6CC7-73BD-4F4F-A471-DBE253D3B9E7}.Debug|x64.Build.0 = Debug|x64
		{113F6CC7-73BD-4F4F-A471-DBE253D3B9E7}.Debug|x86.ActiveCfg = Debug|Win32
		{113F6CC7-73BD-4F4F-A471-DBE253D3B9E7}.Debug|x86.Build.0 = Debug|Win32
		{113F6CC7-73BD-4F4F-A471-DBE253D3B9E7}.Release|x64.ActiveCfg = Release|x64
		{113F6CC7-73BD-4F4F-A471-DBE253D3B9E7}.Release|x64.Build.0 = Release|x64
		{113F6CC7-73BD-4F4F-A471-DBE253D3B9E7}.Release|x86.ActiveCfg = Release|Win32
		{113F6CC7-73BD-4F4F-A471-DBE253D3B9E7}.Release|x86.Build.0 = Release|Win32
		{A4730E42-332A-4255-B0A8-B23B72AC3B98}.Debug|x64.ActiveCfg = Debug|x64
		{A4730E42-332A-4255-B0A8-B23B72AC3B98}.Debug|x64.Build.0 = Debug|x64
		{A4730E42-332A-4255-B0A8-B23B72AC3B98}.Debug|x86.ActiveCfg = Debug|Win32
		{A4730E42-332A-4255-B0A8-B23B72AC3B98}.Debug|x86.Build.0 = Debug|Win32
		{A4730E42-332A-4255-B0A8-B23B72AC3B98}.Release|x64.ActiveCfg = Release|x64
		{A4730E42-332A-4255-B0A8-B23B72AC3B98}.Release|x64.Build.0 = Release|x64
		{A4730E42-332A-4255-B0A8-B23B72AC3B98}.Release|x86.ActiveCfg = Release|Win32
		{A4730E42-332A-4255-B0A8-B23B72AC3B98}.Release|x86.Build.0 = Release|Win32
		{2A238725-3B90-4045-AFD9-B20A69A4A9D4}.Debug|x64.ActiveCfg = Debug|x64
		{2A238725-3B90-4045-AFD9-B20A69A4A9D4}.Debug|x64.Build.0 = Debug|x64
		{2A238725-3B90-4045-AFD9-B20A69A4A9D4}.Debug|x86.ActiveCfg = Debug|Win32
		{2A238725-3B90-4045-AFD9-B20A69A4A9D4}.Debug|x86.Build.0 = Debug|Win32
		{2A238725-3B90-4045-AFD9-B20A69A4A9D4}.Release|x64.ActiveCfg = Release|x64
		{2A238725-3B90-4045-AFD9-B20A69A4A9D4}.Release|x64.Build.0 = Release|x64
		{2A238725-3B90-4045-AFD9-B20A69A4A9D4}.Release|x86.ActiveCfg = Release|Win32
		{2A238725-3B90-4045-AFD9-B20A69A4A9D4}.Release|x86.Build.0 = Release|Win32
		{B10406C4-7FC0-4C75-B034-D9F36C2DF007}.Debug|x64.ActiveCfg = Debug|x64
		{B10406C4-7FC0-4C75-B034-D9F36C2DF007}.Debug|x64.Build.0 = Debug|x64
		{B10406C4-7FC0-4C75-B034-D9F36C2DF007}.Debug|x86.ActiveCfg = Debug|Win32
		{B10406C4-7FC0-4C75-B034-D9F36C2DF007}.Debug|x86.Build.0 = Debug|Win32
		{B10406C4-7FC0-4C75-B034-D9F36C2DF007}.Release|x64.ActiveCfg = Release|x64
		{B10406C4-7FC0-4C75-B034-D9F36C2DF007}.Release|x64.Build.0 = Release|x64
		{B10406C4-7FC0-4C75-B034-D9F36C2DF007}.Release|x86.ActiveCfg = Release|Win32
		{B10406C4-7FC0-4C75-B034-D9F36C2DF007}.Release|x86.Build.0 = Release|Win32
		{2E725334-10D1-488A-8022-3BBAF145B4A5}.Debug|x64.ActiveCfg = Debug|x64
		{2E725334-10D1-488A-8022-3BBAF145B4A5}.Debug|x64.Build.0 = Debug|x64
		{2E725334-10D1-488A-8022-3BBAF145B4A5}.Debug|x86.ActiveCfg = Debug|Win32
		{2E725334-10D1-488A-8022-3BBAF145B4A5}.Debug|x86.Build.0 = Debug|Win32
		{2E725334-10D1-488A-8022-3BBAF145B4A5}.Release|x64.ActiveCfg = Release|x64
		{2E725334-10D1-488A-8022-3BBAF145B4A5}.Release|x64.Build.0 = Release|x64
		{2E725334-10D1-488A-8022-3BBAF145B4A5}.Release|x86.ActiveCfg = Release|Win32
		{2E725334-10D1-488A-8022-3BBAF145B4A5}.Release|x86.Build.0 = Release|Win32
		{54B901C7-271E-4519-A826-35B39D57EF86}.Debug|x64.ActiveCfg = Debug|x64
		{54B901C7-271E-4519-A826-35B39D57EF86}.Debug|x64.Build.0 = Debug|x64
		{54B901C7-271E-4519-A826-35B39D57EF86}.Debug|x86.ActiveCfg = Debug|Win32
		{54B901C7-271E-4519-A826-35B39D57EF86}.Debug|x86.Build.0 = Debug|Win32
		{54B901C7-271E-4519-A826-35B39D57EF86}.Release|x64.ActiveCfg = Release|x64
		{54B901C7-271E-4519-A826-35B39D57EF86}.Release|x64.Build.0 = Release|x64
		{54B901C7-271E-4519-A826-35B39D57EF86}.Release|x86.ActiveCfg = Release|Win32
		{54B901C7-271E-4519-A826-35B39D57EF86}.Release|x86.Build.0 = Release|Win32
		{C60C13AD-35DC-406C-87EA-00891AC67C37}.Debug|x64.ActiveCfg = Debug|x64
		{C60C13AD-35DC-406C-87EA-00891AC67C37}.Debug|x64.Build.0 = Debug|x64
		{C60C13AD-35DC-406C-87EA-00891AC67C37}.Debug|x86.ActiveCfg = Debug|Win32
		{C60C13AD-35DC-406C-87EA-00891AC67C37}.Debug|x86.Build.0 = Debug|Win32
		{C60C13AD-35DC-406C-87EA-00891AC67C37}.Release|x64.ActiveCfg = Release|x64
		{C60C13AD-35DC-406C-87EA-00891AC67C37}.Release|x64.Build.0 = Release|x64
		{C60C13AD-35DC-406C-87EA-00891AC67C37}.Release|x86.ActiveCfg = Release|Win32
		{C60C13AD-35DC-406C-87EA-00891AC67C37}.Release|x86.Build.0 = Release|Win32
		{289A9D89-49E1-46D5-9D4D-0B9EB75EE3C5}.Debug|x64.ActiveCfg = Debug|x64
		{289A9D89-49E1-46D5-9D4D-0B9EB75EE3C5}.Debug|x64.Build.0 = Debug|x64
		{289A9D89-49E1-46D5-9D4D-0B9EB75EE3C5}.Debug|x86.ActiveCfg = Debug|Win32
		{289A9D89-49E1-46D5-9D4D-0B9EB75EE3C5}.Debug|x86.Build.0 = Debug|Win32
		{289A9D89-49E1-46D5-9D4D-0B9EB75EE3C5}.Release|x64.ActiveCfg = Release|x64
		{289A9D89-49E1-46D5-9D4D-0B9EB75EE3C5}.Release|x64.Build.0 = Release|x64
		{289A9D89-49E1-46D5-9D4D-0B9EB75EE3C5}.Release|x86.ActiveCfg = Release|Win32
		{289A9D89-49E1-46D5-9D4D-0B9EB75EE3C5}.Release|x86.Build.0 = Release|Win32
		{DE900518-9FB4-4925-8413-566441BB1357}.Debug|x64.ActiveCfg = Debug|x64
		{DE900518-9FB4-4925-8413-566441BB1357}.Debug|x64.Build.0 = Debug|x64
		{DE900518-9FB4-4925-8413-566441BB1357}.Debug|x86.ActiveCfg = Debug|Win32
		{DE900518-9FB4-4925-8413-566441BB1357}.Debug|x86.Build.0 = Debug|Win32
		{DE900518-9FB4-4925-8413-566441BB1357}.Release|x64.ActiveCfg = Release|x64
		{DE900518-9FB4-4925-8413-566441BB1357}.Release|x64.Build.0 = Release|x64
		{DE900518-9FB4-4925-8413-566441BB1357}.Release|x86.ActiveCfg = Release|Win32
		{DE900518-9FB4-4925-8413-566441BB1357}.Release|x86.Build.0 = Release|Win32
		{B583FEC1-B129-490B-934D-FF045FB89435}.Debug|x64.ActiveCfg = Debug|x64
		{B583FEC1-B129-490B-934D-FF045FB89435}.Debug|x64.Build.0 = Debug|x64
		{B583FEC1-B129-490B-934D-FF045FB89435}.Debug|x86.ActiveCfg = Debug|Win32
		{B583FEC1-B129-490B-934D-FF045FB89435}.Debug|x86.Build.0 = Debug|Win32
		{B583FEC1-B129-490B-934D-FF045FB89435}.Release|x64.ActiveCfg = Release|x64
		{B583FEC1-B129-490B-934D-FF045FB89435}.Release|x64.Build.0 = Release|x64
		{B583FEC1-B129-490B-934D-FF045FB89435}.Release|x86.ActiveCfg = Release|Win32
		{B583FEC1-B129-490B-934D-FF045FB89435}.Release|x86.Build.0 = Release|Win32
		{A492D18E-F535-4DD7-A432-D8452ACF0F60}.Debug|x64.ActiveCfg = Debug|x64
		{A492D18E-F535-4DD7-A432-D8452ACF0F60}.Debug|x64.Build.0 = Debug|x64
		{A492D18E-F535-4DD7-A432-D8452ACF0F60}.Debug|x86.ActiveCfg = Debug|Win32
		{A492D18E-F535-4DD7-A432-D8452ACF0F60}.Debug|x86.Build.0 = Debug|Win32
		{A492D18E-F535-4DD7-A432-D8452ACF0F60}.Release|x64.ActiveCfg = Release|x64
		{A492D18E-F535-4DD7-A432-D8452ACF0F60}.Release|x64.Build.0 = Release|x64
		{A492D18E-F535-4DD7-A432-D8452ACF0F60}.Release|x86.ActiveCfg = Release|Win32
		{A492D18E-F535-4DD7-A432-D8452ACF0F60}.Release|x86.Build.0 = Release|Win32
		{8AB8A6FA-31EB-4238-9F8F-CF276A09DB91}.Debug|x64.ActiveCfg = Debug|x64
		{8AB8A6FA-31EB-4238-9F8F-CF276A09DB91}.Debug|x64.Build.0 = Debug|x64
		{8AB8A6FA-31EB-4238-9F8F-CF276A09DB91}.Debug|x86.ActiveCfg = Debug|Win32
		{8AB8A6FA-31EB-4238-9F8F-CF276A09DB91}.Debug|x86.Build.0 = Debug|Win32
		{8AB8A6FA-31EB-4238-9F8F-CF276A09DB91}.Release|x64.ActiveCfg = Release|x64
		{8AB8A6FA-31EB-4238-9F8F-CF276A09DB91}.Release|x64.Build.0 = Release|x64
		{8AB8A6FA-31EB-4238-9F8F-CF276A09DB91}.Release|x86.ActiveCfg = Release|Win32
		{8AB8A6FA-31EB-4238-9F8F-CF276A09DB91}.Release|x86.Build.0 = Release|Win32
		{2B7182C6-B28C-44BC-AFCF-76D2228D852A}.Debug|x64.ActiveCfg = Debug|x64
		{2B7182C6-B28C-44BC-AFCF-76D2228D852A}.Debug|x64.Build.0 = Debug|x64
		{2B7182C6-B28C-44BC-AFCF-76D2228D852A}.Debug|x86.ActiveCfg = Debug|Win32
		{2B7182C6-B28C-44BC-AFCF-76D2228D852A}.Debug|x86.Build.0 = Debug|Win32
		{2B7182C6-B28C-44BC-AFCF-76D2228D852A}.Release|x64.ActiveCfg = Release|x64
		{2B7182C6-B28C-44BC-AFCF-76D2228D852A}.Release|x64.Build.0 = Release|x64
		{2B7182C6-B28C-44BC-AFCF-76D2228D852A}.Release|x86.ActiveCfg = Release|Win32
		{2B7182C6-B28C-44BC-AFCF-76D2228D852A}.Release|x86.Build.0 = Release|Win32
	EndGlobalSection
	GlobalSection(SolutionProperties) = preSolution
		HideSolutionNode = FALSE
	EndGlobalSection
	GlobalSection(ExtensibilityGlobals) = postSolution
		SolutionGuid = {16637CB6-361A-4164-BDBE-D9C65D66BD20}
	EndGlobalSection
EndGlobal
