
Microsoft Visual Studio Solution File, Format Version 12.00
# Visual Studio Version 17
VisualStudioVersion = 17.4.33110.190
MinimumVisualStudioVersion = 10.0.40219.1
Project("{8BC9CEB8-8B4A-11D0-8D11-00A0C91BC942}") = "hanoi", "hanoi\hanoi.vcxproj", "{113F6CC7-73BD-4F4F-A471-DBE253D3B9E7}"
EndProject
Project("{8BC9CEB8-8B4A-11D0-8D11-00A0C91BC942}") = "Secuencia", "Secuencia\Secuencia.vcxproj", "{A4730E42-332A-4255-B0A8-B23B72AC3B98}"
EndProject
Project("{8BC9CEB8-8B4A-11D0-8D11-00A0C91BC942}") = "Racionales", "Racionales\Racionales.vcxproj", "{2A238725-3B90-4045-AFD9-B20A69A4A9D4}"
EndProject
Project("{8BC9CEB8-8B4A-11D0-8D11-00A0C91BC942}") = "hundir al mayor", "hundir al mayor\hundir al mayor.vcxproj", "{B10406C4-7FC0-4C75-B034-D9F36C2DF007}"
EndProject
Project("{8BC9CEB8-8B4A-11D0-8D11-00A0C91BC942}") = "Colarse", "Colarse\Colarse.vcxproj", "{2E725334-10D1-488A-8022-3BBAF145B4A5}"
EndProject
Global
	GlobalSection(SolutionConfigurationPlatforms) = preSolution
		Debug|x64 = Debug|x64
		Debug|x86 = Debug|x86
		Release|x64 = Release|x64
		Release|x86 = Release|x86
	EndGlobalSection
	GlobalSection(ProjectConfigurationPlatforms) = postSolution
		{113F6CC7-73BD-4F4F-A471-DBE253D3B9E7}.Debug|x64.ActiveCfg = Debug|x64
		{113F6CC7-73BD-4F4F-A471-DBE253D3B9E7}.Debug|x64.Build.0 = Debug|x64
		{113F6CC7-73BD-4F4F-A471-DBE253D3B9E7}.Debug|x86.ActiveCfg = Debug|Win32
		{113F6CC7-73BD-4F4F-A471-DBE253D3B9E7}.Debug|x86.Build.0 = Debug|Win32
		{113F6CC7-73BD-4F4F-A471-DBE253D3B9E7}.Release|x64.ActiveCfg = Release|x64
		{113F6CC7-73BD-4F4F-A471-DBE253D3B9E7}.Release|x64.Build.0 = Release|x64
		{113F6CC7-73BD-4F4F-A471-DBE253D3B9E7}.Release|x86.ActiveCfg = Release|Win32
		{113F6CC7-73BD-4F4F-A471-DBE253D3B9E7}.Release|x86.Build.0 = Release|Win32
		{A4730E42-332A-4255-B0A8-B23B72AC3B98}.Debug|x64.ActiveCfg = Debug|x64
		{A4730E42-332A-4255-B0A8-B23B72AC3B98}.Debug|x64.Build.0 = Debug|x64
		{A4730E42-332A-4255-B0A8-B23B72AC3B98}.Debug|x86.ActiveCfg = Debug|Win32
		{A4730E42-332A-4255-B0A8-B23B72AC3B98}.Debug|x86.Build.0 = Debug|Win32
		{A4730E42-332A-4255-B0A8-B23B72AC3B98}.Release|x64.ActiveCfg = Release|x64
		{A4730E42-332A-4255-B0A8-B23B72AC3B98}.Release|x64.Build.0 = Release|x64
		{A4730E42-332A-4255-B0A8-B23B72AC3B98}.Release|x86.ActiveCfg = Release|Win32
		{A4730E42-332A-4255-B0A8-B23B72AC3B98}.Release|x86.Build.0 = Release|Win32
		{2A238725-3B90-4045-AFD9-B20A69A4A9D4}.Debug|x64.ActiveCfg = Debug|x64
		{2A238725-3B90-4045-AFD9-B20A69A4A9D4}.Debug|x64.Build.0 = Debug|x64
		{2A238725-3B90-4045-AFD9-B20A69A4A9D4}.Debug|x86.ActiveCfg = Debug|Win32
		{2A238725-3B90-4045-AFD9-B20A69A4A9D4}.Debug|x86.Build.0 = Debug|Win32
		{2A238725-3B90-4045-AFD9-B20A69A4A9D4}.Release|x64.ActiveCfg = Release|x64
		{2A238725-3B90-4045-AFD9-B20A69A4A9D4}.Release|x64.Build.0 = Release|x64
		{2A238725-3B90-4045-AFD9-B20A69A4A9D4}.Release|x86.ActiveCfg = Release|Win32
		{2A238725-3B90-4045-AFD9-B20A69A4A9D4}.Release|x86.Build.0 = Release|Win32
		{B10406C4-7FC0-4C75-B034-D9F36C2DF007}.Debug|x64.ActiveCfg = Debug|x64
		{B10406C4-7FC0-4C75-B034-D9F36C2DF007}.Debug|x64.Build.0 = Debug|x64
		{B10406C4-7FC0-4C75-B034-D9F36C2DF007}.Debug|x86.ActiveCfg = Debug|Win32
		{B10406C4-7FC0-4C75-B034-D9F36C2DF007}.Debug|x86.Build.0 = Debug|Win32
		{B10406C4-7FC0-4C75-B034-D9F36C2DF007}.Release|x64.ActiveCfg = Release|x64
		{B10406C4-7FC0-4C75-B034-D9F36C2DF007}.Release|x64.Build.0 = Release|x64
		{B10406C4-7FC0-4C75-B034-D9F36C2DF007}.Release|x86.ActiveCfg = Release|Win32
		{B10406C4-7FC0-4C75-B034-D9F36C2DF007}.Release|x86.Build.0 = Release|Win32
		{2E725334-10D1-488A-8022-3BBAF145B4A5}.Debug|x64.ActiveCfg = Debug|x64
		{2E725334-10D1-488A-8022-3BBAF145B4A5}.Debug|x64.Build.0 = Debug|x64
		{2E725334-10D1-488A-8022-3BBAF145B4A5}.Debug|x86.ActiveCfg = Debug|Win32
		{2E725334-10D1-488A-8022-3BBAF145B4A5}.Debug|x86.Build.0 = Debug|Win32
		{2E725334-10D1-488A-8022-3BBAF145B4A5}.Release|x64.ActiveCfg = Release|x64
		{2E725334-10D1-488A-8022-3BBAF145B4A5}.Release|x64.Build.0 = Release|x64
		{2E725334-10D1-488A-8022-3BBAF145B4A5}.Release|x86.ActiveCfg = Release|Win32
		{2E725334-10D1-488A-8022-3BBAF145B4A5}.Release|x86.Build.0 = Release|Win32
	EndGlobalSection
	GlobalSection(SolutionProperties) = preSolution
		HideSolutionNode = FALSE
	EndGlobalSection
	GlobalSection(ExtensibilityGlobals) = postSolution
		SolutionGuid = {16637CB6-361A-4164-BDBE-D9C65D66BD20}
	EndGlobalSection
EndGlobal
