
Microsoft Visual Studio Solution File, Format Version 12.00
# Visual Studio Version 17
VisualStudioVersion = 17.5.33516.290
MinimumVisualStudioVersion = 10.0.40219.1
Project("{8BC9CEB8-8B4A-11D0-8D11-00A0C91BC942}") = "250", "250\250.vcxproj", "{14D60B40-B97D-4E6F-8014-382CE854ADE1}"
EndProject
Global
	GlobalSection(SolutionConfigurationPlatforms) = preSolution
		Debug|x64 = Debug|x64
		Debug|x86 = Debug|x86
		Release|x64 = Release|x64
		Release|x86 = Release|x86
	EndGlobalSection
	GlobalSection(ProjectConfigurationPlatforms) = postSolution
		{14D60B40-B97D-4E6F-8014-382CE854ADE1}.Debug|x64.ActiveCfg = Debug|x64
		{14D60B40-B97D-4E6F-8014-382CE854ADE1}.Debug|x64.Build.0 = Debug|x64
		{14D60B40-B97D-4E6F-8014-382CE854ADE1}.Debug|x86.ActiveCfg = Debug|Win32
		{14D60B40-B97D-4E6F-8014-382CE854ADE1}.Debug|x86.Build.0 = Debug|Win32
		{14D60B40-B97D-4E6F-8014-382CE854ADE1}.Release|x64.ActiveCfg = Release|x64
		{14D60B40-B97D-4E6F-8014-382CE854ADE1}.Release|x64.Build.0 = Release|x64
		{14D60B40-B97D-4E6F-8014-382CE854ADE1}.Release|x86.ActiveCfg = Release|Win32
		{14D60B40-B97D-4E6F-8014-382CE854ADE1}.Release|x86.Build.0 = Release|Win32
	EndGlobalSection
	GlobalSection(SolutionProperties) = preSolution
		HideSolutionNode = FALSE
	EndGlobalSection
	GlobalSection(ExtensibilityGlobals) = postSolution
		SolutionGuid = {7C04AD2E-1FA4-4CD7-837E-D2648DAD4543}
	EndGlobalSection
EndGlobal
